
Microsoft Visual Studio Solution File, Format Version 12.00
# Visual Studio 15
VisualStudioVersion = 15.0.27428.2011
MinimumVisualStudioVersion = 10.0.40219.1
Project("{9A19103F-16F7-4668-BE54-9A1E7A4F7556}") = "WlToolsLib", "WlToolsLib\WlToolsLib.csproj", "{BEB457E4-2AAA-4CD1-A95D-4CC0570E89C8}"
EndProject
Project("{2150E333-8FDC-42A3-9474-1A3956D46DE8}") = "BusinessService", "BusinessService", "{D5C6F1FF-0033-47FF-B106-EC92C32B0C97}"
EndProject
Project("{2150E333-8FDC-42A3-9474-1A3956D46DE8}") = "Common", "Common", "{05AF5B1B-9106-4CF4-92D8-64A4B2DD78EB}"
EndProject
Project("{2150E333-8FDC-42A3-9474-1A3956D46DE8}") = "DataService", "DataService", "{E03A342F-43BC-48A2-906F-FF8B9393CB27}"
EndProject
Project("{2150E333-8FDC-42A3-9474-1A3956D46DE8}") = "Models", "Models", "{B634EC7C-919E-4BAC-84CD-A93FB4B8624D}"
EndProject
Project("{9A19103F-16F7-4668-BE54-9A1E7A4F7556}") = "WL.Core.BusinessService", "WL.Core.BusinessService\WL.Core.BusinessService.csproj", "{EE8811BA-9780-406D-ADBA-23C6F853594D}"
EndProject
Project("{9A19103F-16F7-4668-BE54-9A1E7A4F7556}") = "WL.Core.DataService", "WL.Core.DataService\WL.Core.DataService.csproj", "{A1639E92-6B3B-420A-8359-C532820407C6}"
EndProject
Project("{9A19103F-16F7-4668-BE54-9A1E7A4F7556}") = "WL.Core.Common", "WL.Core.Common\WL.Core.Common.csproj", "{6627ADA7-F90A-4065-9226-806E4EDE6F38}"
EndProject
Project("{9A19103F-16F7-4668-BE54-9A1E7A4F7556}") = "WL.Core.Model", "WL.Core.Model\WL.Core.Model.csproj", "{74E0EE4E-4BEA-43C2-A969-F4C46F984B2C}"
EndProject
Project("{9A19103F-16F7-4668-BE54-9A1E7A4F7556}") = "XUnitTestProject", "XUnitTestProject\XUnitTestProject.csproj", "{C051D7A4-8137-4948-B2AB-01FC070FB848}"
EndProject
Project("{9A19103F-16F7-4668-BE54-9A1E7A4F7556}") = "WL.Core.WebApi", "WL.Core.WebApi\WL.Core.WebApi.csproj", "{ED316A30-78D1-4F13-8752-18AF2A96248A}"
EndProject
Project("{9A19103F-16F7-4668-BE54-9A1E7A4F7556}") = "WL.Core.WebApp", "WL.Core.WebApp\WL.Core.WebApp.csproj", "{9CE80A09-9B8B-4678-94DC-5E283EA1DC9A}"
EndProject
Project("{9A19103F-16F7-4668-BE54-9A1E7A4F7556}") = "WL.Core.BusinessCommon", "WL.Core.BusinessCommon\WL.Core.BusinessCommon.csproj", "{0122E6D9-6680-4E52-8C34-916E18A3DAC2}"
EndProject
Project("{9A19103F-16F7-4668-BE54-9A1E7A4F7556}") = "WL.Core.DataCommon", "WL.Core.DataCommon\WL.Core.DataCommon.csproj", "{5FB699E1-D449-48F7-BAE1-5145DD3BD676}"
EndProject
Project("{9A19103F-16F7-4668-BE54-9A1E7A4F7556}") = "WL.Core.ConsoleApp", "WL.Core.ConsoleApp\WL.Core.ConsoleApp.csproj", "{82497607-DC2E-41F6-801D-C6CB5863D8EA}"
EndProject
Project("{2150E333-8FDC-42A3-9474-1A3956D46DE8}") = "WL.H5App", "WL.H5App", "{58B97F40-B5B8-4651-8FB3-A5E2D9B21330}"
EndProject
Project("{2150E333-8FDC-42A3-9474-1A3956D46DE8}") = "CMS", "CMS", "{6CE7119B-641E-418B-AF13-8C11AF538AFA}"
EndProject
Project("{FAE04EC0-301F-11D3-BF4B-00C04F79EFBC}") = "WL.CMS.Business", "WL.CMS.Business\WL.CMS.Business.csproj", "{6FF59A40-FFCE-43CC-A3AF-7F4400D6A2A6}"
EndProject
Project("{FAE04EC0-301F-11D3-BF4B-00C04F79EFBC}") = "WL.CMS.Model", "WL.CMS.Model\WL.CMS.Model.csproj", "{E2960487-EAA8-47E8-B98A-5ADC7A352F77}"
EndProject
Global
	GlobalSection(SolutionConfigurationPlatforms) = preSolution
		Debug|Any CPU = Debug|Any CPU
		Release|Any CPU = Release|Any CPU
	EndGlobalSection
	GlobalSection(ProjectConfigurationPlatforms) = postSolution
		{BEB457E4-2AAA-4CD1-A95D-4CC0570E89C8}.Debug|Any CPU.ActiveCfg = Debug|Any CPU
		{BEB457E4-2AAA-4CD1-A95D-4CC0570E89C8}.Debug|Any CPU.Build.0 = Debug|Any CPU
		{BEB457E4-2AAA-4CD1-A95D-4CC0570E89C8}.Release|Any CPU.ActiveCfg = Release|Any CPU
		{BEB457E4-2AAA-4CD1-A95D-4CC0570E89C8}.Release|Any CPU.Build.0 = Release|Any CPU
		{EE8811BA-9780-406D-ADBA-23C6F853594D}.Debug|Any CPU.ActiveCfg = Debug|Any CPU
		{EE8811BA-9780-406D-ADBA-23C6F853594D}.Debug|Any CPU.Build.0 = Debug|Any CPU
		{EE8811BA-9780-406D-ADBA-23C6F853594D}.Release|Any CPU.ActiveCfg = Release|Any CPU
		{EE8811BA-9780-406D-ADBA-23C6F853594D}.Release|Any CPU.Build.0 = Release|Any CPU
		{A1639E92-6B3B-420A-8359-C532820407C6}.Debug|Any CPU.ActiveCfg = Debug|Any CPU
		{A1639E92-6B3B-420A-8359-C532820407C6}.Debug|Any CPU.Build.0 = Debug|Any CPU
		{A1639E92-6B3B-420A-8359-C532820407C6}.Release|Any CPU.ActiveCfg = Release|Any CPU
		{A1639E92-6B3B-420A-8359-C532820407C6}.Release|Any CPU.Build.0 = Release|Any CPU
		{6627ADA7-F90A-4065-9226-806E4EDE6F38}.Debug|Any CPU.ActiveCfg = Debug|Any CPU
		{6627ADA7-F90A-4065-9226-806E4EDE6F38}.Debug|Any CPU.Build.0 = Debug|Any CPU
		{6627ADA7-F90A-4065-9226-806E4EDE6F38}.Release|Any CPU.ActiveCfg = Release|Any CPU
		{6627ADA7-F90A-4065-9226-806E4EDE6F38}.Release|Any CPU.Build.0 = Release|Any CPU
		{74E0EE4E-4BEA-43C2-A969-F4C46F984B2C}.Debug|Any CPU.ActiveCfg = Debug|Any CPU
		{74E0EE4E-4BEA-43C2-A969-F4C46F984B2C}.Debug|Any CPU.Build.0 = Debug|Any CPU
		{74E0EE4E-4BEA-43C2-A969-F4C46F984B2C}.Release|Any CPU.ActiveCfg = Release|Any CPU
		{74E0EE4E-4BEA-43C2-A969-F4C46F984B2C}.Release|Any CPU.Build.0 = Release|Any CPU
		{C051D7A4-8137-4948-B2AB-01FC070FB848}.Debug|Any CPU.ActiveCfg = Debug|Any CPU
		{C051D7A4-8137-4948-B2AB-01FC070FB848}.Debug|Any CPU.Build.0 = Debug|Any CPU
		{C051D7A4-8137-4948-B2AB-01FC070FB848}.Release|Any CPU.ActiveCfg = Release|Any CPU
		{C051D7A4-8137-4948-B2AB-01FC070FB848}.Release|Any CPU.Build.0 = Release|Any CPU
		{ED316A30-78D1-4F13-8752-18AF2A96248A}.Debug|Any CPU.ActiveCfg = Debug|Any CPU
		{ED316A30-78D1-4F13-8752-18AF2A96248A}.Debug|Any CPU.Build.0 = Debug|Any CPU
		{ED316A30-78D1-4F13-8752-18AF2A96248A}.Release|Any CPU.ActiveCfg = Release|Any CPU
		{ED316A30-78D1-4F13-8752-18AF2A96248A}.Release|Any CPU.Build.0 = Release|Any CPU
		{9CE80A09-9B8B-4678-94DC-5E283EA1DC9A}.Debug|Any CPU.ActiveCfg = Debug|Any CPU
		{9CE80A09-9B8B-4678-94DC-5E283EA1DC9A}.Debug|Any CPU.Build.0 = Debug|Any CPU
		{9CE80A09-9B8B-4678-94DC-5E283EA1DC9A}.Release|Any CPU.ActiveCfg = Release|Any CPU
		{9CE80A09-9B8B-4678-94DC-5E283EA1DC9A}.Release|Any CPU.Build.0 = Release|Any CPU
		{0122E6D9-6680-4E52-8C34-916E18A3DAC2}.Debug|Any CPU.ActiveCfg = Debug|Any CPU
		{0122E6D9-6680-4E52-8C34-916E18A3DAC2}.Debug|Any CPU.Build.0 = Debug|Any CPU
		{0122E6D9-6680-4E52-8C34-916E18A3DAC2}.Release|Any CPU.ActiveCfg = Release|Any CPU
		{0122E6D9-6680-4E52-8C34-916E18A3DAC2}.Release|Any CPU.Build.0 = Release|Any CPU
		{5FB699E1-D449-48F7-BAE1-5145DD3BD676}.Debug|Any CPU.ActiveCfg = Debug|Any CPU
		{5FB699E1-D449-48F7-BAE1-5145DD3BD676}.Debug|Any CPU.Build.0 = Debug|Any CPU
		{5FB699E1-D449-48F7-BAE1-5145DD3BD676}.Release|Any CPU.ActiveCfg = Release|Any CPU
		{5FB699E1-D449-48F7-BAE1-5145DD3BD676}.Release|Any CPU.Build.0 = Release|Any CPU
		{82497607-DC2E-41F6-801D-C6CB5863D8EA}.Debug|Any CPU.ActiveCfg = Debug|Any CPU
		{82497607-DC2E-41F6-801D-C6CB5863D8EA}.Debug|Any CPU.Build.0 = Debug|Any CPU
		{82497607-DC2E-41F6-801D-C6CB5863D8EA}.Release|Any CPU.ActiveCfg = Release|Any CPU
		{82497607-DC2E-41F6-801D-C6CB5863D8EA}.Release|Any CPU.Build.0 = Release|Any CPU
		{6FF59A40-FFCE-43CC-A3AF-7F4400D6A2A6}.Debug|Any CPU.ActiveCfg = Debug|Any CPU
		{6FF59A40-FFCE-43CC-A3AF-7F4400D6A2A6}.Debug|Any CPU.Build.0 = Debug|Any CPU
		{6FF59A40-FFCE-43CC-A3AF-7F4400D6A2A6}.Release|Any CPU.ActiveCfg = Release|Any CPU
		{6FF59A40-FFCE-43CC-A3AF-7F4400D6A2A6}.Release|Any CPU.Build.0 = Release|Any CPU
		{E2960487-EAA8-47E8-B98A-5ADC7A352F77}.Debug|Any CPU.ActiveCfg = Debug|Any CPU
		{E2960487-EAA8-47E8-B98A-5ADC7A352F77}.Debug|Any CPU.Build.0 = Debug|Any CPU
		{E2960487-EAA8-47E8-B98A-5ADC7A352F77}.Release|Any CPU.ActiveCfg = Release|Any CPU
		{E2960487-EAA8-47E8-B98A-5ADC7A352F77}.Release|Any CPU.Build.0 = Release|Any CPU
	EndGlobalSection
	GlobalSection(SolutionProperties) = preSolution
		HideSolutionNode = FALSE
	EndGlobalSection
	GlobalSection(NestedProjects) = preSolution
		{BEB457E4-2AAA-4CD1-A95D-4CC0570E89C8} = {05AF5B1B-9106-4CF4-92D8-64A4B2DD78EB}
		{EE8811BA-9780-406D-ADBA-23C6F853594D} = {D5C6F1FF-0033-47FF-B106-EC92C32B0C97}
		{A1639E92-6B3B-420A-8359-C532820407C6} = {E03A342F-43BC-48A2-906F-FF8B9393CB27}
		{6627ADA7-F90A-4065-9226-806E4EDE6F38} = {05AF5B1B-9106-4CF4-92D8-64A4B2DD78EB}
		{74E0EE4E-4BEA-43C2-A969-F4C46F984B2C} = {B634EC7C-919E-4BAC-84CD-A93FB4B8624D}
		{0122E6D9-6680-4E52-8C34-916E18A3DAC2} = {D5C6F1FF-0033-47FF-B106-EC92C32B0C97}
		{5FB699E1-D449-48F7-BAE1-5145DD3BD676} = {E03A342F-43BC-48A2-906F-FF8B9393CB27}
		{6FF59A40-FFCE-43CC-A3AF-7F4400D6A2A6} = {6CE7119B-641E-418B-AF13-8C11AF538AFA}
		{E2960487-EAA8-47E8-B98A-5ADC7A352F77} = {6CE7119B-641E-418B-AF13-8C11AF538AFA}
	EndGlobalSection
	GlobalSection(ExtensibilityGlobals) = postSolution
		SolutionGuid = {AC1A0B3D-01A5-4197-B9DC-2B638C113F23}
	EndGlobalSection
EndGlobal
